<?xml version="1.0" encoding="utf-8"?>
<Project ToolsVersion="4.0" xmlns="http://schemas.microsoft.com/developer/msbuild/2003">
  <ItemGroup>
    <Filter Include="random shit">
      <UniqueIdentifier>{ccb59e77-7cb5-4bae-9e0f-4fe8a553cc87}</UniqueIdentifier>
    </Filter>
    <Filter Include="src">
      <UniqueIdentifier>{a1d01ec8-7977-4b05-8123-cb13aa32d7c1}</UniqueIdentifier>
    </Filter>
    <Filter Include="src\main">
      <UniqueIdentifier>{5ad81f91-ad01-4029-ba3c-a8284e7f5a37}</UniqueIdentifier>
    </Filter>
    <Filter Include="src\world">
      <UniqueIdentifier>{ad942ca7-8127-44b0-a55e-4da81ef90936}</UniqueIdentifier>
    </Filter>
    <Filter Include="src\shit">
      <UniqueIdentifier>{95c94067-efbc-4023-93dd-a1cb1a26dcbc}</UniqueIdentifier>
    </Filter>
  </ItemGroup>
  <ItemGroup>
    <ClCompile Include="src\main\main.cpp">
      <Filter>src\main</Filter>
    </ClCompile>
    <ClCompile Include="src\world\World.cpp">
      <Filter>src\world</Filter>
    </ClCompile>
    <ClCompile Include="src\main\Drawer.cpp">
      <Filter>src\main</Filter>
    </ClCompile>
    <ClCompile Include="src\shit\shit.cpp">
      <Filter>src\shit</Filter>
    </ClCompile>
  </ItemGroup>
  <ItemGroup>
    <ClInclude Include="src\main\olcPixelGameEngine.h">
      <Filter>src\main</Filter>
    </ClInclude>
    <ClInclude Include="src\world\FastNoiseLite.h">
      <Filter>src\world</Filter>
    </ClInclude>
    <ClInclude Include="src\main\Drawer.h">
      <Filter>src\main</Filter>
    </ClInclude>
    <ClInclude Include="src\world\World.h">
      <Filter>src\world</Filter>
    </ClInclude>
    <ClInclude Include="src\shit\shit.h">
      <Filter>src\shit</Filter>
    </ClInclude>
  </ItemGroup>
  <ItemGroup>
    <None Include="..\.gitattributes">
      <Filter>random shit</Filter>
    </None>
    <None Include="..\.gitignore">
      <Filter>random shit</Filter>
    </None>
    <None Include="..\README.md">
      <Filter>random shit</Filter>
    </None>
  </ItemGroup>
</Project>